
Microsoft Visual Studio Solution File, Format Version 12.00
# Visual Studio Version 17
VisualStudioVersion = 17.4.33213.308
MinimumVisualStudioVersion = 10.0.40219.1
Project("{FAE04EC0-301F-11D3-BF4B-00C04F79EFBC}") = "CleanMovie.Domain", "CleanMovie.Domain.csproj", "{E2672C66-6CE4-48D6-BA7A-55CE62C60344}"
EndProject
Project("{FAE04EC0-301F-11D3-BF4B-00C04F79EFBC}") = "CleanMovie.Application", "..\CleanMovie.Application\CleanMovie.Application.csproj", "{0D32E76A-74D8-4136-ACCA-D29228BA2F1C}"
EndProject
Project("{FAE04EC0-301F-11D3-BF4B-00C04F79EFBC}") = "CleanMovie.Infrastructure", "..\CleanMovie.Infrastructure\CleanMovie.Infrastructure.csproj", "{675B987B-D859-4C18-9227-3CCCD533B356}"
EndProject
Project("{FAE04EC0-301F-11D3-BF4B-00C04F79EFBC}") = "CleanMovie.API", "..\CleanMovie.API\CleanMovie.API.csproj", "{752B5B28-B3C7-49A0-A4C2-87828884E3B3}"
EndProject
Global
	GlobalSection(SolutionConfigurationPlatforms) = preSolution
		Debug|Any CPU = Debug|Any CPU
		Release|Any CPU = Release|Any CPU
	EndGlobalSection
	GlobalSection(ProjectConfigurationPlatforms) = postSolution
		{E2672C66-6CE4-48D6-BA7A-55CE62C60344}.Debug|Any CPU.ActiveCfg = Debug|Any CPU
		{E2672C66-6CE4-48D6-BA7A-55CE62C60344}.Debug|Any CPU.Build.0 = Debug|Any CPU
		{E2672C66-6CE4-48D6-BA7A-55CE62C60344}.Release|Any CPU.ActiveCfg = Release|Any CPU
		{E2672C66-6CE4-48D6-BA7A-55CE62C60344}.Release|Any CPU.Build.0 = Release|Any CPU
		{0D32E76A-74D8-4136-ACCA-D29228BA2F1C}.Debug|Any CPU.ActiveCfg = Debug|Any CPU
		{0D32E76A-74D8-4136-ACCA-D29228BA2F1C}.Debug|Any CPU.Build.0 = Debug|Any CPU
		{0D32E76A-74D8-4136-ACCA-D29228BA2F1C}.Release|Any CPU.ActiveCfg = Release|Any CPU
		{0D32E76A-74D8-4136-ACCA-D29228BA2F1C}.Release|Any CPU.Build.0 = Release|Any CPU
		{675B987B-D859-4C18-9227-3CCCD533B356}.Debug|Any CPU.ActiveCfg = Debug|Any CPU
		{675B987B-D859-4C18-9227-3CCCD533B356}.Debug|Any CPU.Build.0 = Debug|Any CPU
		{675B987B-D859-4C18-9227-3CCCD533B356}.Release|Any CPU.ActiveCfg = Release|Any CPU
		{675B987B-D859-4C18-9227-3CCCD533B356}.Release|Any CPU.Build.0 = Release|Any CPU
		{752B5B28-B3C7-49A0-A4C2-87828884E3B3}.Debug|Any CPU.ActiveCfg = Debug|Any CPU
		{752B5B28-B3C7-49A0-A4C2-87828884E3B3}.Debug|Any CPU.Build.0 = Debug|Any CPU
		{752B5B28-B3C7-49A0-A4C2-87828884E3B3}.Release|Any CPU.ActiveCfg = Release|Any CPU
		{752B5B28-B3C7-49A0-A4C2-87828884E3B3}.Release|Any CPU.Build.0 = Release|Any CPU
	EndGlobalSection
	GlobalSection(SolutionProperties) = preSolution
		HideSolutionNode = FALSE
	EndGlobalSection
	GlobalSection(ExtensibilityGlobals) = postSolution
		SolutionGuid = {E453838B-7C98-47CC-820A-E0E60C1E138C}
	EndGlobalSection
EndGlobal
